{
  "originHash" : "6ac12f6aef3e1b38d0bdf3917341ce775da3bc5321e76f3ac1af05da14f25170",
  "pins" : [
    {
      "identity" : "ios-corebluetooth-mock",
      "kind" : "remoteSourceControl",
      "location" : "https://github.com/SwiftTyper/IOS-CoreBluetooth-Mock",
      "state" : {
        "branch" : "feature/peripheral-manager-support",
        "revision" : "d126c3ee60153c6b5f4b73b74e225ee9b0421c9c"
      }
    },
    {
      "identity" : "swift-clocks",
      "kind" : "remoteSourceControl",
      "location" : "https://github.com/pointfreeco/swift-clocks",
      "state" : {
        "revision" : "82440fa0a8b1c381a6d1e8e0fc7bbba53ec63204",
        "version" : "1.1.1"
      }
    },
    {
      "identity" : "swift-concurrency-extras",
      "kind" : "remoteSourceControl",
      "location" : "https://github.com/pointfreeco/swift-concurrency-extras",
      "state" : {
        "revision" : "5fa253428866f2360c3754e88537f700ed2656b5",
        "version" : "1.4.1"
      }
    },
    {
      "identity" : "swift-issue-reporting",
      "kind" : "remoteSourceControl",
      "location" : "https://github.com/pointfreeco/swift-issue-reporting",
      "state" : {
        "revision" : "75b000cea2ca6d7527a57e1b9cc0bdf21a9abe9f",
        "version" : "2.1.1"
      }
    }
  ],
  "version" : 3
}
